// !$*UTF8*$!
{
	archiveVersion = 1;
	classes = {
	};
	objectVersion = 56;
	objects = {

/* Begin PBXBuildFile section */
		747285AA29C4FEAB00104412 /* DollarDetectiveApp.swift in Sources */ = {isa = PBXBuildFile; fileRef = 747285A929C4FEAB00104412 /* DollarDetectiveApp.swift */; };
		747285AE29C4FEAE00104412 /* Assets.xcassets in Resources */ = {isa = PBXBuildFile; fileRef = 747285AD29C4FEAE00104412 /* Assets.xcassets */; };
		747285B129C4FEAE00104412 /* Preview Assets.xcassets in Resources */ = {isa = PBXBuildFile; fileRef = 747285B029C4FEAE00104412 /* Preview Assets.xcassets */; };
		74C69FC829C50E3700AAA464 /* MainContentView.swift in Sources */ = {isa = PBXBuildFile; fileRef = 74C69FC329C50E3700AAA464 /* MainContentView.swift */; };
		74C69FC929C50E3700AAA464 /* PropertyView.swift in Sources */ = {isa = PBXBuildFile; fileRef = 74C69FC429C50E3700AAA464 /* PropertyView.swift */; };
		74C69FCA29C50E3700AAA464 /* CashFlow.swift in Sources */ = {isa = PBXBuildFile; fileRef = 74C69FC529C50E3700AAA464 /* CashFlow.swift */; };
		74C69FCB29C50E3700AAA464 /* SettingsView.swift in Sources */ = {isa = PBXBuildFile; fileRef = 74C69FC629C50E3700AAA464 /* SettingsView.swift */; };
		74C69FCE29C50EBB00AAA464 /* Languages in Resources */ = {isa = PBXBuildFile; fileRef = 74C69FCD29C50EBB00AAA464 /* Languages */; };
		74F47DCB29C590E4009C42BC /* TotalLabel.swift in Sources */ = {isa = PBXBuildFile; fileRef = 74F47DCA29C590E4009C42BC /* TotalLabel.swift */; };
		74F47DCD29C5B1EA009C42BC /* Divider.swift in Sources */ = {isa = PBXBuildFile; fileRef = 74F47DCC29C5B1EA009C42BC /* Divider.swift */; };
		E1B30A465FD10D2C368AFE9E /* Pods_DollarDetective.framework in Frameworks */ = {isa = PBXBuildFile; fileRef = 8752DE12418B31778776E5B4 /* Pods_DollarDetective.framework */; };
/* End PBXBuildFile section */

/* Begin PBXFileReference section */
		1D13891414A644F4DEBB83AA /* Pods-DollarDetective.debug.xcconfig */ = {isa = PBXFileReference; includeInIndex = 1; lastKnownFileType = text.xcconfig; name = "Pods-DollarDetective.debug.xcconfig"; path = "Target Support Files/Pods-DollarDetective/Pods-DollarDetective.debug.xcconfig"; sourceTree = "<group>"; };
		4354AC81D0D9782DA782042E /* Pods-DollarDetective.release.xcconfig */ = {isa = PBXFileReference; includeInIndex = 1; lastKnownFileType = text.xcconfig; name = "Pods-DollarDetective.release.xcconfig"; path = "Target Support Files/Pods-DollarDetective/Pods-DollarDetective.release.xcconfig"; sourceTree = "<group>"; };
		747285A629C4FEAB00104412 /* DollarDetective.app */ = {isa = PBXFileReference; explicitFileType = wrapper.application; includeInIndex = 0; path = DollarDetective.app; sourceTree = BUILT_PRODUCTS_DIR; };
		747285A929C4FEAB00104412 /* DollarDetectiveApp.swift */ = {isa = PBXFileReference; lastKnownFileType = sourcecode.swift; path = DollarDetectiveApp.swift; sourceTree = "<group>"; };
		747285AD29C4FEAE00104412 /* Assets.xcassets */ = {isa = PBXFileReference; lastKnownFileType = folder.assetcatalog; path = Assets.xcassets; sourceTree = "<group>"; };
		747285B029C4FEAE00104412 /* Preview Assets.xcassets */ = {isa = PBXFileReference; lastKnownFileType = folder.assetcatalog; path = "Preview Assets.xcassets"; sourceTree = "<group>"; };
		74C69FC329C50E3700AAA464 /* MainContentView.swift */ = {isa = PBXFileReference; fileEncoding = 4; lastKnownFileType = sourcecode.swift; path = MainContentView.swift; sourceTree = "<group>"; };
		74C69FC429C50E3700AAA464 /* PropertyView.swift */ = {isa = PBXFileReference; fileEncoding = 4; lastKnownFileType = sourcecode.swift; path = PropertyView.swift; sourceTree = "<group>"; };
		74C69FC529C50E3700AAA464 /* CashFlow.swift */ = {isa = PBXFileReference; fileEncoding = 4; lastKnownFileType = sourcecode.swift; path = CashFlow.swift; sourceTree = "<group>"; };
		74C69FC629C50E3700AAA464 /* SettingsView.swift */ = {isa = PBXFileReference; fileEncoding = 4; lastKnownFileType = sourcecode.swift; path = SettingsView.swift; sourceTree = "<group>"; };
		74C69FCD29C50EBB00AAA464 /* Languages */ = {isa = PBXFileReference; fileEncoding = 4; lastKnownFileType = text; name = Languages; path = DollarDetective/Languages; sourceTree = SOURCE_ROOT; };
		74F47DCA29C590E4009C42BC /* TotalLabel.swift */ = {isa = PBXFileReference; lastKnownFileType = sourcecode.swift; path = TotalLabel.swift; sourceTree = "<group>"; };
		74F47DCC29C5B1EA009C42BC /* Divider.swift */ = {isa = PBXFileReference; lastKnownFileType = sourcecode.swift; path = Divider.swift; sourceTree = "<group>"; };
		8752DE12418B31778776E5B4 /* Pods_DollarDetective.framework */ = {isa = PBXFileReference; explicitFileType = wrapper.framework; includeInIndex = 0; path = Pods_DollarDetective.framework; sourceTree = BUILT_PRODUCTS_DIR; };
/* End PBXFileReference section */

/* Begin PBXFrameworksBuildPhase section */
		747285A329C4FEAB00104412 /* Frameworks */ = {
			isa = PBXFrameworksBuildPhase;
			buildActionMask = 2147483647;
			files = (
				E1B30A465FD10D2C368AFE9E /* Pods_DollarDetective.framework in Frameworks */,
			);
			runOnlyForDeploymentPostprocessing = 0;
		};
/* End PBXFrameworksBuildPhase section */

/* Begin PBXGroup section */
		24D8F7DE1596DC20D1F50277 /* Frameworks */ = {
			isa = PBXGroup;
			children = (
				8752DE12418B31778776E5B4 /* Pods_DollarDetective.framework */,
			);
			name = Frameworks;
			sourceTree = "<group>";
		};
		33A08329649F3A88003C6B56 /* Pods */ = {
			isa = PBXGroup;
			children = (
				1D13891414A644F4DEBB83AA /* Pods-DollarDetective.debug.xcconfig */,
				4354AC81D0D9782DA782042E /* Pods-DollarDetective.release.xcconfig */,
			);
			path = Pods;
			sourceTree = "<group>";
		};
		7472859D29C4FEAB00104412 = {
			isa = PBXGroup;
			children = (
				747285A829C4FEAB00104412 /* DollarDetective */,
				747285A729C4FEAB00104412 /* Products */,
				33A08329649F3A88003C6B56 /* Pods */,
				24D8F7DE1596DC20D1F50277 /* Frameworks */,
			);
			sourceTree = "<group>";
		};
		747285A729C4FEAB00104412 /* Products */ = {
			isa = PBXGroup;
			children = (
				747285A629C4FEAB00104412 /* DollarDetective.app */,
			);
			name = Products;
			sourceTree = "<group>";
		};
		747285A829C4FEAB00104412 /* DollarDetective */ = {
			isa = PBXGroup;
			children = (
				747285A929C4FEAB00104412 /* DollarDetectiveApp.swift */,
				74C69FC229C50DB500AAA464 /* View */,
				747285AD29C4FEAE00104412 /* Assets.xcassets */,
				74C69FCD29C50EBB00AAA464 /* Languages */,
				747285AF29C4FEAE00104412 /* Preview Content */,
			);
			path = DollarDetective;
			sourceTree = "<group>";
		};
		747285AF29C4FEAE00104412 /* Preview Content */ = {
			isa = PBXGroup;
			children = (
				747285B029C4FEAE00104412 /* Preview Assets.xcassets */,
			);
			path = "Preview Content";
			sourceTree = "<group>";
		};
		74C69FC229C50DB500AAA464 /* View */ = {
			isa = PBXGroup;
			children = (
				74C69FC329C50E3700AAA464 /* MainContentView.swift */,
				74F47DC929C590A7009C42BC /* Elements */,
				74F47DC829C5907C009C42BC /* Tabs */,
			);
			path = View;
			sourceTree = "<group>";
		};
		74F47DC829C5907C009C42BC /* Tabs */ = {
			isa = PBXGroup;
			children = (
				74C69FC529C50E3700AAA464 /* CashFlow.swift */,
				74C69FC429C50E3700AAA464 /* PropertyView.swift */,
				74C69FC629C50E3700AAA464 /* SettingsView.swift */,
			);
			path = Tabs;
			sourceTree = "<group>";
		};
		74F47DC929C590A7009C42BC /* Elements */ = {
			isa = PBXGroup;
			children = (
				74F47DCA29C590E4009C42BC /* TotalLabel.swift */,
				74F47DCC29C5B1EA009C42BC /* Divider.swift */,
			);
			path = Elements;
			sourceTree = "<group>";
		};
/* End PBXGroup section */

/* Begin PBXNativeTarget section */
		747285A529C4FEAB00104412 /* DollarDetective */ = {
			isa = PBXNativeTarget;
			buildConfigurationList = 747285B429C4FEAE00104412 /* Build configuration list for PBXNativeTarget "DollarDetective" */;
			buildPhases = (
				747285B729C4FF8A00104412 /* ShellScript */,
				A07A4430DA37269B570F8EDA /* [CP] Check Pods Manifest.lock */,
				747285A229C4FEAB00104412 /* Sources */,
				747285A329C4FEAB00104412 /* Frameworks */,
				747285A429C4FEAB00104412 /* Resources */,
			);
			buildRules = (
			);
			dependencies = (
			);
			name = DollarDetective;
			productName = DollarDetective;
			productReference = 747285A629C4FEAB00104412 /* DollarDetective.app */;
			productType = "com.apple.product-type.application";
		};
/* End PBXNativeTarget section */

/* Begin PBXProject section */
		7472859E29C4FEAB00104412 /* Project object */ = {
			isa = PBXProject;
			attributes = {
				BuildIndependentTargetsInParallel = 1;
				LastSwiftUpdateCheck = 1420;
				LastUpgradeCheck = 1420;
				TargetAttributes = {
					747285A529C4FEAB00104412 = {
						CreatedOnToolsVersion = 14.2;
					};
				};
			};
			buildConfigurationList = 747285A129C4FEAB00104412 /* Build configuration list for PBXProject "DollarDetective" */;
			compatibilityVersion = "Xcode 14.0";
			developmentRegion = en;
			hasScannedForEncodings = 0;
			knownRegions = (
				en,
				Base,
			);
			mainGroup = 7472859D29C4FEAB00104412;
			productRefGroup = 747285A729C4FEAB00104412 /* Products */;
			projectDirPath = "";
			projectRoot = "";
			targets = (
				747285A529C4FEAB00104412 /* DollarDetective */,
			);
		};
/* End PBXProject section */

/* Begin PBXResourcesBuildPhase section */
		747285A429C4FEAB00104412 /* Resources */ = {
			isa = PBXResourcesBuildPhase;
			buildActionMask = 2147483647;
			files = (
				74C69FCE29C50EBB00AAA464 /* Languages in Resources */,
				747285B129C4FEAE00104412 /* Preview Assets.xcassets in Resources */,
				747285AE29C4FEAE00104412 /* Assets.xcassets in Resources */,
			);
			runOnlyForDeploymentPostprocessing = 0;
		};
/* End PBXResourcesBuildPhase section */

/* Begin PBXShellScriptBuildPhase section */
		747285B729C4FF8A00104412 /* ShellScript */ = {
			isa = PBXShellScriptBuildPhase;
			alwaysOutOfDate = 1;
			buildActionMask = 2147483647;
			files = (
			);
			inputFileListPaths = (
			);
			inputPaths = (
			);
			outputFileListPaths = (
			);
			outputPaths = (
			);
			runOnlyForDeploymentPostprocessing = 0;
			shellPath = /bin/sh;
			shellScript = "${PODS_ROOT}/SwiftLint/swiftlint\n";
		};
		A07A4430DA37269B570F8EDA /* [CP] Check Pods Manifest.lock */ = {
			isa = PBXShellScriptBuildPhase;
			buildActionMask = 2147483647;
			files = (
			);
			inputFileListPaths = (
			);
			inputPaths = (
				"${PODS_PODFILE_DIR_PATH}/Podfile.lock",
				"${PODS_ROOT}/Manifest.lock",
			);
			name = "[CP] Check Pods Manifest.lock";
			outputFileListPaths = (
			);
			outputPaths = (
				"$(DERIVED_FILE_DIR)/Pods-DollarDetective-checkManifestLockResult.txt",
			);
			runOnlyForDeploymentPostprocessing = 0;
			shellPath = /bin/sh;
			shellScript = "diff \"${PODS_PODFILE_DIR_PATH}/Podfile.lock\" \"${PODS_ROOT}/Manifest.lock\" > /dev/null\nif [ $? != 0 ] ; then\n    # print error to STDERR\n    echo \"error: The sandbox is not in sync with the Podfile.lock. Run 'pod install' or update your CocoaPods installation.\" >&2\n    exit 1\nfi\n# This output is used by Xcode 'outputs' to avoid re-running this script phase.\necho \"SUCCESS\" > \"${SCRIPT_OUTPUT_FILE_0}\"\n";
			showEnvVarsInLog = 0;
		};
/* End PBXShellScriptBuildPhase section */

/* Begin PBXSourcesBuildPhase section */
		747285A229C4FEAB00104412 /* Sources */ = {
			isa = PBXSourcesBuildPhase;
			buildActionMask = 2147483647;
			files = (
				74F47DCB29C590E4009C42BC /* TotalLabel.swift in Sources */,
				74C69FCB29C50E3700AAA464 /* SettingsView.swift in Sources */,
				74C69FC929C50E3700AAA464 /* PropertyView.swift in Sources */,
				747285AA29C4FEAB00104412 /* DollarDetectiveApp.swift in Sources */,
				74C69FC829C50E3700AAA464 /* MainContentView.swift in Sources */,
				74C69FCA29C50E3700AAA464 /* CashFlow.swift in Sources */,
				74F47DCD29C5B1EA009C42BC /* Divider.swift in Sources */,
			);
			runOnlyForDeploymentPostprocessing = 0;
		};
/* End PBXSourcesBuildPhase section */

/* Begin XCBuildConfiguration section */
		747285B229C4FEAE00104412 /* Debug */ = {
			isa = XCBuildConfiguration;
			buildSettings = {
				ALWAYS_SEARCH_USER_PATHS = NO;
				CLANG_ANALYZER_NONNULL = YES;
				CLANG_ANALYZER_NUMBER_OBJECT_CONVERSION = YES_AGGRESSIVE;
				CLANG_CXX_LANGUAGE_STANDARD = "gnu++20";
				CLANG_ENABLE_MODULES = YES;
				CLANG_ENABLE_OBJC_ARC = YES;
				CLANG_ENABLE_OBJC_WEAK = YES;
				CLANG_WARN_BLOCK_CAPTURE_AUTORELEASING = YES;
				CLANG_WARN_BOOL_CONVERSION = YES;
				CLANG_WARN_COMMA = YES;
				CLANG_WARN_CONSTANT_CONVERSION = YES;
				CLANG_WARN_DEPRECATED_OBJC_IMPLEMENTATIONS = YES;
				CLANG_WARN_DIRECT_OBJC_ISA_USAGE = YES_ERROR;
				CLANG_WARN_DOCUMENTATION_COMMENTS = YES;
				CLANG_WARN_EMPTY_BODY = YES;
				CLANG_WARN_ENUM_CONVERSION = YES;
				CLANG_WARN_INFINITE_RECURSION = YES;
				CLANG_WARN_INT_CONVERSION = YES;
				CLANG_WARN_NON_LITERAL_NULL_CONVERSION = YES;
				CLANG_WARN_OBJC_IMPLICIT_RETAIN_SELF = YES;
				CLANG_WARN_OBJC_LITERAL_CONVERSION = YES;
				CLANG_WARN_OBJC_ROOT_CLASS = YES_ERROR;
				CLANG_WARN_QUOTED_INCLUDE_IN_FRAMEWORK_HEADER = YES;
				CLANG_WARN_RANGE_LOOP_ANALYSIS = YES;
				CLANG_WARN_STRICT_PROTOTYPES = YES;
				CLANG_WARN_SUSPICIOUS_MOVE = YES;
				CLANG_WARN_UNGUARDED_AVAILABILITY = YES_AGGRESSIVE;
				CLANG_WARN_UNREACHABLE_CODE = YES;
				CLANG_WARN__DUPLICATE_METHOD_MATCH = YES;
				COPY_PHASE_STRIP = NO;
				DEBUG_INFORMATION_FORMAT = dwarf;
				ENABLE_STRICT_OBJC_MSGSEND = YES;
				ENABLE_TESTABILITY = YES;
				GCC_C_LANGUAGE_STANDARD = gnu11;
				GCC_DYNAMIC_NO_PIC = NO;
				GCC_NO_COMMON_BLOCKS = YES;
				GCC_OPTIMIZATION_LEVEL = 0;
				GCC_PREPROCESSOR_DEFINITIONS = (
					"DEBUG=1",
					"$(inherited)",
				);
				GCC_WARN_64_TO_32_BIT_CONVERSION = YES;
				GCC_WARN_ABOUT_RETURN_TYPE = YES_ERROR;
				GCC_WARN_UNDECLARED_SELECTOR = YES;
				GCC_WARN_UNINITIALIZED_AUTOS = YES_AGGRESSIVE;
				GCC_WARN_UNUSED_FUNCTION = YES;
				GCC_WARN_UNUSED_VARIABLE = YES;
				IPHONEOS_DEPLOYMENT_TARGET = 16.0;
				MTL_ENABLE_DEBUG_INFO = INCLUDE_SOURCE;
				MTL_FAST_MATH = YES;
				ONLY_ACTIVE_ARCH = YES;
				SDKROOT = iphoneos;
				SWIFT_ACTIVE_COMPILATION_CONDITIONS = DEBUG;
				SWIFT_OPTIMIZATION_LEVEL = "-Onone";
			};
			name = Debug;
		};
		747285B329C4FEAE00104412 /* Release */ = {
			isa = XCBuildConfiguration;
			buildSettings = {
				ALWAYS_SEARCH_USER_PATHS = NO;
				CLANG_ANALYZER_NONNULL = YES;
				CLANG_ANALYZER_NUMBER_OBJECT_CONVERSION = YES_AGGRESSIVE;
				CLANG_CXX_LANGUAGE_STANDARD = "gnu++20";
				CLANG_ENABLE_MODULES = YES;
				CLANG_ENABLE_OBJC_ARC = YES;
				CLANG_ENABLE_OBJC_WEAK = YES;
				CLANG_WARN_BLOCK_CAPTURE_AUTORELEASING = YES;
				CLANG_WARN_BOOL_CONVERSION = YES;
				CLANG_WARN_COMMA = YES;
				CLANG_WARN_CONSTANT_CONVERSION = YES;
				CLANG_WARN_DEPRECATED_OBJC_IMPLEMENTATIONS = YES;
				CLANG_WARN_DIRECT_OBJC_ISA_USAGE = YES_ERROR;
				CLANG_WARN_DOCUMENTATION_COMMENTS = YES;
				CLANG_WARN_EMPTY_BODY = YES;
				CLANG_WARN_ENUM_CONVERSION = YES;
				CLANG_WARN_INFINITE_RECURSION = YES;
				CLANG_WARN_INT_CONVERSION = YES;
				CLANG_WARN_NON_LITERAL_NULL_CONVERSION = YES;
				CLANG_WARN_OBJC_IMPLICIT_RETAIN_SELF = YES;
				CLANG_WARN_OBJC_LITERAL_CONVERSION = YES;
				CLANG_WARN_OBJC_ROOT_CLASS = YES_ERROR;
				CLANG_WARN_QUOTED_INCLUDE_IN_FRAMEWORK_HEADER = YES;
				CLANG_WARN_RANGE_LOOP_ANALYSIS = YES;
				CLANG_WARN_STRICT_PROTOTYPES = YES;
				CLANG_WARN_SUSPICIOUS_MOVE = YES;
				CLANG_WARN_UNGUARDED_AVAILABILITY = YES_AGGRESSIVE;
				CLANG_WARN_UNREACHABLE_CODE = YES;
				CLANG_WARN__DUPLICATE_METHOD_MATCH = YES;
				COPY_PHASE_STRIP = NO;
				DEBUG_INFORMATION_FORMAT = "dwarf-with-dsym";
				ENABLE_NS_ASSERTIONS = NO;
				ENABLE_STRICT_OBJC_MSGSEND = YES;
				GCC_C_LANGUAGE_STANDARD = gnu11;
				GCC_NO_COMMON_BLOCKS = YES;
				GCC_WARN_64_TO_32_BIT_CONVERSION = YES;
				GCC_WARN_ABOUT_RETURN_TYPE = YES_ERROR;
				GCC_WARN_UNDECLARED_SELECTOR = YES;
				GCC_WARN_UNINITIALIZED_AUTOS = YES_AGGRESSIVE;
				GCC_WARN_UNUSED_FUNCTION = YES;
				GCC_WARN_UNUSED_VARIABLE = YES;
				IPHONEOS_DEPLOYMENT_TARGET = 16.0;
				MTL_ENABLE_DEBUG_INFO = NO;
				MTL_FAST_MATH = YES;
				SDKROOT = iphoneos;
				SWIFT_COMPILATION_MODE = wholemodule;
				SWIFT_OPTIMIZATION_LEVEL = "-O";
				VALIDATE_PRODUCT = YES;
			};
			name = Release;
		};
		747285B529C4FEAE00104412 /* Debug */ = {
			isa = XCBuildConfiguration;
			baseConfigurationReference = 1D13891414A644F4DEBB83AA /* Pods-DollarDetective.debug.xcconfig */;
			buildSettings = {
				ASSETCATALOG_COMPILER_APPICON_NAME = AppIcon;
				ASSETCATALOG_COMPILER_GLOBAL_ACCENT_COLOR_NAME = AccentColor;
				CODE_SIGN_STYLE = Automatic;
				CURRENT_PROJECT_VERSION = 1;
				DEVELOPMENT_ASSET_PATHS = "\"DollarDetective/Preview Content\"";
				DEVELOPMENT_TEAM = HPU59MA6X6;
				ENABLE_PREVIEWS = YES;
				GENERATE_INFOPLIST_FILE = YES;
				INFOPLIST_KEY_UIApplicationSceneManifest_Generation = YES;
				INFOPLIST_KEY_UIApplicationSupportsIndirectInputEvents = YES;
				INFOPLIST_KEY_UILaunchScreen_Generation = YES;
				INFOPLIST_KEY_UISupportedInterfaceOrientations_iPad = "UIInterfaceOrientationPortrait UIInterfaceOrientationPortraitUpsideDown UIInterfaceOrientationLandscapeLeft UIInterfaceOrientationLandscapeRight";
				INFOPLIST_KEY_UISupportedInterfaceOrientations_iPhone = "UIInterfaceOrientationPortrait UIInterfaceOrientationLandscapeLeft UIInterfaceOrientationLandscapeRight";
				IPHONEOS_DEPLOYMENT_TARGET = 16.0;
				LD_RUNPATH_SEARCH_PATHS = (
					"$(inherited)",
					"@executable_path/Frameworks",
				);
				MARKETING_VERSION = 1.0;
				PRODUCT_BUNDLE_IDENTIFIER = "Dmytro-Horodyskyi.DollarDetective";
				PRODUCT_NAME = "$(TARGET_NAME)";
				SWIFT_EMIT_LOC_STRINGS = YES;
				SWIFT_VERSION = 5.0;
				TARGETED_DEVICE_FAMILY = "1,2";
			};
			name = Debug;
		};
		747285B629C4FEAE00104412 /* Release */ = {
			isa = XCBuildConfiguration;
			baseConfigurationReference = 4354AC81D0D9782DA782042E /* Pods-DollarDetective.release.xcconfig */;
			buildSettings = {
				ASSETCATALOG_COMPILER_APPICON_NAME = AppIcon;
				ASSETCATALOG_COMPILER_GLOBAL_ACCENT_COLOR_NAME = AccentColor;
				CODE_SIGN_STYLE = Automatic;
				CURRENT_PROJECT_VERSION = 1;
				DEVELOPMENT_ASSET_PATHS = "\"DollarDetective/Preview Content\"";
				DEVELOPMENT_TEAM = HPU59MA6X6;
				ENABLE_PREVIEWS = YES;
				GENERATE_INFOPLIST_FILE = YES;
				INFOPLIST_KEY_UIApplicationSceneManifest_Generation = YES;
				INFOPLIST_KEY_UIApplicationSupportsIndirectInputEvents = YES;
				INFOPLIST_KEY_UILaunchScreen_Generation = YES;
				INFOPLIST_KEY_UISupportedInterfaceOrientations_iPad = "UIInterfaceOrientationPortrait UIInterfaceOrientationPortraitUpsideDown UIInterfaceOrientationLandscapeLeft UIInterfaceOrientationLandscapeRight";
				INFOPLIST_KEY_UISupportedInterfaceOrientations_iPhone = "UIInterfaceOrientationPortrait UIInterfaceOrientationLandscapeLeft UIInterfaceOrientationLandscapeRight";
				IPHONEOS_DEPLOYMENT_TARGET = 16.0;
				LD_RUNPATH_SEARCH_PATHS = (
					"$(inherited)",
					"@executable_path/Frameworks",
				);
				MARKETING_VERSION = 1.0;
				PRODUCT_BUNDLE_IDENTIFIER = "Dmytro-Horodyskyi.DollarDetective";
				PRODUCT_NAME = "$(TARGET_NAME)";
				SWIFT_EMIT_LOC_STRINGS = YES;
				SWIFT_VERSION = 5.0;
				TARGETED_DEVICE_FAMILY = "1,2";
			};
			name = Release;
		};
/* End XCBuildConfiguration section */

/* Begin XCConfigurationList section */
		747285A129C4FEAB00104412 /* Build configuration list for PBXProject "DollarDetective" */ = {
			isa = XCConfigurationList;
			buildConfigurations = (
				747285B229C4FEAE00104412 /* Debug */,
				747285B329C4FEAE00104412 /* Release */,
			);
			defaultConfigurationIsVisible = 0;
			defaultConfigurationName = Release;
		};
		747285B429C4FEAE00104412 /* Build configuration list for PBXNativeTarget "DollarDetective" */ = {
			isa = XCConfigurationList;
			buildConfigurations = (
				747285B529C4FEAE00104412 /* Debug */,
				747285B629C4FEAE00104412 /* Release */,
			);
			defaultConfigurationIsVisible = 0;
			defaultConfigurationName = Release;
		};
/* End XCConfigurationList section */
	};
	rootObject = 7472859E29C4FEAB00104412 /* Project object */;
}
